// !$*UTF8*$!
{
	archiveVersion = 1;
	classes = {
	};
	objectVersion = 46;
	objects = {

/* Begin PBXBuildFile section */
		12BA0D2A3C6AF10CE953D3FD /* libPods.a in Frameworks */ = {isa = PBXBuildFile; fileRef = 6648BC08030ED54BD94E5370 /* libPods.a */; };
		3D3C690A1D83A61200980F63 /* main.m in Sources */ = {isa = PBXBuildFile; fileRef = 3D3C69091D83A61200980F63 /* main.m */; };
		3D3C690D1D83A61200980F63 /* AppDelegate.m in Sources */ = {isa = PBXBuildFile; fileRef = 3D3C690C1D83A61200980F63 /* AppDelegate.m */; };
		3D3C69151D83A61200980F63 /* Assets.xcassets in Resources */ = {isa = PBXBuildFile; fileRef = 3D3C69141D83A61200980F63 /* Assets.xcassets */; };
		3D3C69181D83A61200980F63 /* LaunchScreen.storyboard in Resources */ = {isa = PBXBuildFile; fileRef = 3D3C69161D83A61200980F63 /* LaunchScreen.storyboard */; };
		3D3C69291D83AA3C00980F63 /* ViewController.m in Sources */ = {isa = PBXBuildFile; fileRef = 3D3C69271D83AA3C00980F63 /* ViewController.m */; };
		3D3C69301D83B9B500980F63 /* NetWorkTool.m in Sources */ = {isa = PBXBuildFile; fileRef = 3D3C692F1D83B9B500980F63 /* NetWorkTool.m */; };
		3D3C69341D83E36C00980F63 /* NetWorkManager.m in Sources */ = {isa = PBXBuildFile; fileRef = 3D3C69331D83E36C00980F63 /* NetWorkManager.m */; };
		3D3C69381D83E42500980F63 /* NSArray+Log.m in Sources */ = {isa = PBXBuildFile; fileRef = 3D3C69371D83E42500980F63 /* NSArray+Log.m */; };
		3D3C69461D83E66C00980F63 /* HomeViewController.m in Sources */ = {isa = PBXBuildFile; fileRef = 3D3C69451D83E66C00980F63 /* HomeViewController.m */; };
		3D3C69491D83E68C00980F63 /* BaseViewController.m in Sources */ = {isa = PBXBuildFile; fileRef = 3D3C69481D83E68C00980F63 /* BaseViewController.m */; };
		3D3C694C1D83E6C600980F63 /* BaseNaviController.m in Sources */ = {isa = PBXBuildFile; fileRef = 3D3C694B1D83E6C600980F63 /* BaseNaviController.m */; };
		3D3C694F1D83E6F800980F63 /* LeftViewController.m in Sources */ = {isa = PBXBuildFile; fileRef = 3D3C694E1D83E6F800980F63 /* LeftViewController.m */; };
		3D3C69521D83E75100980F63 /* LoginViewController.m in Sources */ = {isa = PBXBuildFile; fileRef = 3D3C69511D83E75100980F63 /* LoginViewController.m */; };
		3D3C69551D83E77100980F63 /* RegisterViewController.m in Sources */ = {isa = PBXBuildFile; fileRef = 3D3C69541D83E77100980F63 /* RegisterViewController.m */; };
		3D3C69581D83E7C700980F63 /* SharedViewController.m in Sources */ = {isa = PBXBuildFile; fileRef = 3D3C69571D83E7C700980F63 /* SharedViewController.m */; };
		3D3C695B1D83E7FC00980F63 /* AboutProductViewController.m in Sources */ = {isa = PBXBuildFile; fileRef = 3D3C695A1D83E7FC00980F63 /* AboutProductViewController.m */; };
		3D3C695E1D83E81A00980F63 /* SettingViewController.m in Sources */ = {isa = PBXBuildFile; fileRef = 3D3C695D1D83E81A00980F63 /* SettingViewController.m */; };
		3D3C69611D83E84600980F63 /* FocusDoctorViewController.m in Sources */ = {isa = PBXBuildFile; fileRef = 3D3C69601D83E84600980F63 /* FocusDoctorViewController.m */; };
		3D3C69641D83E86200980F63 /* CaseManagerViewController.m in Sources */ = {isa = PBXBuildFile; fileRef = 3D3C69631D83E86200980F63 /* CaseManagerViewController.m */; };
		3D3C69671D83E88400980F63 /* DoctorApplyViewController.m in Sources */ = {isa = PBXBuildFile; fileRef = 3D3C69661D83E88400980F63 /* DoctorApplyViewController.m */; };
		3D3C696D1D83EA5A00980F63 /* NotificationDefine.m in Sources */ = {isa = PBXBuildFile; fileRef = 3D3C696C1D83EA5A00980F63 /* NotificationDefine.m */; };
		3DBDAB2F1D854BBF0027493E /* province.plist in Resources */ = {isa = PBXBuildFile; fileRef = 3DBDAB2E1D854BBF0027493E /* province.plist */; };
/* End PBXBuildFile section */

/* Begin PBXFileReference section */
		10F1FDAC493CFDBE766A2526 /* Pods.release.xcconfig */ = {isa = PBXFileReference; includeInIndex = 1; lastKnownFileType = text.xcconfig; name = Pods.release.xcconfig; path = "Pods/Target Support Files/Pods/Pods.release.xcconfig"; sourceTree = "<group>"; };
		3D3C69051D83A61200980F63 /* QuickCure.app */ = {isa = PBXFileReference; explicitFileType = wrapper.application; includeInIndex = 0; path = QuickCure.app; sourceTree = BUILT_PRODUCTS_DIR; };
		3D3C69091D83A61200980F63 /* main.m */ = {isa = PBXFileReference; lastKnownFileType = sourcecode.c.objc; path = main.m; sourceTree = "<group>"; };
		3D3C690B1D83A61200980F63 /* AppDelegate.h */ = {isa = PBXFileReference; lastKnownFileType = sourcecode.c.h; path = AppDelegate.h; sourceTree = "<group>"; };
		3D3C690C1D83A61200980F63 /* AppDelegate.m */ = {isa = PBXFileReference; lastKnownFileType = sourcecode.c.objc; path = AppDelegate.m; sourceTree = "<group>"; };
		3D3C69141D83A61200980F63 /* Assets.xcassets */ = {isa = PBXFileReference; lastKnownFileType = folder.assetcatalog; path = Assets.xcassets; sourceTree = "<group>"; };
		3D3C69171D83A61200980F63 /* Base */ = {isa = PBXFileReference; lastKnownFileType = file.storyboard; name = Base; path = Base.lproj/LaunchScreen.storyboard; sourceTree = "<group>"; };
		3D3C69191D83A61200980F63 /* Info.plist */ = {isa = PBXFileReference; lastKnownFileType = text.plist.xml; path = Info.plist; sourceTree = "<group>"; };
		3D3C69261D83AA3C00980F63 /* ViewController.h */ = {isa = PBXFileReference; fileEncoding = 4; lastKnownFileType = sourcecode.c.h; path = ViewController.h; sourceTree = "<group>"; };
		3D3C69271D83AA3C00980F63 /* ViewController.m */ = {isa = PBXFileReference; fileEncoding = 4; lastKnownFileType = sourcecode.c.objc; path = ViewController.m; sourceTree = "<group>"; };
		3D3C692E1D83B9B500980F63 /* NetWorkTool.h */ = {isa = PBXFileReference; fileEncoding = 4; lastKnownFileType = sourcecode.c.h; path = NetWorkTool.h; sourceTree = "<group>"; };
		3D3C692F1D83B9B500980F63 /* NetWorkTool.m */ = {isa = PBXFileReference; fileEncoding = 4; lastKnownFileType = sourcecode.c.objc; path = NetWorkTool.m; sourceTree = "<group>"; };
		3D3C69311D83BA2800980F63 /* QuickCure_Header.pch */ = {isa = PBXFileReference; lastKnownFileType = sourcecode.c.h; path = QuickCure_Header.pch; sourceTree = "<group>"; };
		3D3C69321D83E36C00980F63 /* NetWorkManager.h */ = {isa = PBXFileReference; fileEncoding = 4; lastKnownFileType = sourcecode.c.h; path = NetWorkManager.h; sourceTree = "<group>"; };
		3D3C69331D83E36C00980F63 /* NetWorkManager.m */ = {isa = PBXFileReference; fileEncoding = 4; lastKnownFileType = sourcecode.c.objc; path = NetWorkManager.m; sourceTree = "<group>"; };
		3D3C69351D83E3EB00980F63 /* NetWorkDefine.h */ = {isa = PBXFileReference; lastKnownFileType = sourcecode.c.h; path = NetWorkDefine.h; sourceTree = "<group>"; };
		3D3C69361D83E42500980F63 /* NSArray+Log.h */ = {isa = PBXFileReference; fileEncoding = 4; lastKnownFileType = sourcecode.c.h; path = "NSArray+Log.h"; sourceTree = "<group>"; };
		3D3C69371D83E42500980F63 /* NSArray+Log.m */ = {isa = PBXFileReference; fileEncoding = 4; lastKnownFileType = sourcecode.c.objc; path = "NSArray+Log.m"; sourceTree = "<group>"; };
		3D3C69441D83E66C00980F63 /* HomeViewController.h */ = {isa = PBXFileReference; fileEncoding = 4; lastKnownFileType = sourcecode.c.h; path = HomeViewController.h; sourceTree = "<group>"; };
		3D3C69451D83E66C00980F63 /* HomeViewController.m */ = {isa = PBXFileReference; fileEncoding = 4; lastKnownFileType = sourcecode.c.objc; path = HomeViewController.m; sourceTree = "<group>"; };
		3D3C69471D83E68C00980F63 /* BaseViewController.h */ = {isa = PBXFileReference; fileEncoding = 4; lastKnownFileType = sourcecode.c.h; path = BaseViewController.h; sourceTree = "<group>"; };
		3D3C69481D83E68C00980F63 /* BaseViewController.m */ = {isa = PBXFileReference; fileEncoding = 4; lastKnownFileType = sourcecode.c.objc; path = BaseViewController.m; sourceTree = "<group>"; };
		3D3C694A1D83E6C600980F63 /* BaseNaviController.h */ = {isa = PBXFileReference; fileEncoding = 4; lastKnownFileType = sourcecode.c.h; name = BaseNaviController.h; path = ../VIews/BaseNaviController.h; sourceTree = "<group>"; };
		3D3C694B1D83E6C600980F63 /* BaseNaviController.m */ = {isa = PBXFileReference; fileEncoding = 4; lastKnownFileType = sourcecode.c.objc; name = BaseNaviController.m; path = ../VIews/BaseNaviController.m; sourceTree = "<group>"; };
		3D3C694D1D83E6F800980F63 /* LeftViewController.h */ = {isa = PBXFileReference; fileEncoding = 4; lastKnownFileType = sourcecode.c.h; path = LeftViewController.h; sourceTree = "<group>"; };
		3D3C694E1D83E6F800980F63 /* LeftViewController.m */ = {isa = PBXFileReference; fileEncoding = 4; lastKnownFileType = sourcecode.c.objc; path = LeftViewController.m; sourceTree = "<group>"; };
		3D3C69501D83E75100980F63 /* LoginViewController.h */ = {isa = PBXFileReference; fileEncoding = 4; lastKnownFileType = sourcecode.c.h; path = LoginViewController.h; sourceTree = "<group>"; };
		3D3C69511D83E75100980F63 /* LoginViewController.m */ = {isa = PBXFileReference; fileEncoding = 4; lastKnownFileType = sourcecode.c.objc; path = LoginViewController.m; sourceTree = "<group>"; };
		3D3C69531D83E77100980F63 /* RegisterViewController.h */ = {isa = PBXFileReference; fileEncoding = 4; lastKnownFileType = sourcecode.c.h; path = RegisterViewController.h; sourceTree = "<group>"; };
		3D3C69541D83E77100980F63 /* RegisterViewController.m */ = {isa = PBXFileReference; fileEncoding = 4; lastKnownFileType = sourcecode.c.objc; path = RegisterViewController.m; sourceTree = "<group>"; };
		3D3C69561D83E7C700980F63 /* SharedViewController.h */ = {isa = PBXFileReference; fileEncoding = 4; lastKnownFileType = sourcecode.c.h; path = SharedViewController.h; sourceTree = "<group>"; };
		3D3C69571D83E7C700980F63 /* SharedViewController.m */ = {isa = PBXFileReference; fileEncoding = 4; lastKnownFileType = sourcecode.c.objc; path = SharedViewController.m; sourceTree = "<group>"; };
		3D3C69591D83E7FC00980F63 /* AboutProductViewController.h */ = {isa = PBXFileReference; fileEncoding = 4; lastKnownFileType = sourcecode.c.h; path = AboutProductViewController.h; sourceTree = "<group>"; };
		3D3C695A1D83E7FC00980F63 /* AboutProductViewController.m */ = {isa = PBXFileReference; fileEncoding = 4; lastKnownFileType = sourcecode.c.objc; path = AboutProductViewController.m; sourceTree = "<group>"; };
		3D3C695C1D83E81A00980F63 /* SettingViewController.h */ = {isa = PBXFileReference; fileEncoding = 4; lastKnownFileType = sourcecode.c.h; path = SettingViewController.h; sourceTree = "<group>"; };
		3D3C695D1D83E81A00980F63 /* SettingViewController.m */ = {isa = PBXFileReference; fileEncoding = 4; lastKnownFileType = sourcecode.c.objc; path = SettingViewController.m; sourceTree = "<group>"; };
		3D3C695F1D83E84600980F63 /* FocusDoctorViewController.h */ = {isa = PBXFileReference; fileEncoding = 4; lastKnownFileType = sourcecode.c.h; path = FocusDoctorViewController.h; sourceTree = "<group>"; };
		3D3C69601D83E84600980F63 /* FocusDoctorViewController.m */ = {isa = PBXFileReference; fileEncoding = 4; lastKnownFileType = sourcecode.c.objc; path = FocusDoctorViewController.m; sourceTree = "<group>"; };
		3D3C69621D83E86200980F63 /* CaseManagerViewController.h */ = {isa = PBXFileReference; fileEncoding = 4; lastKnownFileType = sourcecode.c.h; path = CaseManagerViewController.h; sourceTree = "<group>"; };
		3D3C69631D83E86200980F63 /* CaseManagerViewController.m */ = {isa = PBXFileReference; fileEncoding = 4; lastKnownFileType = sourcecode.c.objc; path = CaseManagerViewController.m; sourceTree = "<group>"; };
		3D3C69651D83E88400980F63 /* DoctorApplyViewController.h */ = {isa = PBXFileReference; fileEncoding = 4; lastKnownFileType = sourcecode.c.h; path = DoctorApplyViewController.h; sourceTree = "<group>"; };
		3D3C69661D83E88400980F63 /* DoctorApplyViewController.m */ = {isa = PBXFileReference; fileEncoding = 4; lastKnownFileType = sourcecode.c.objc; path = DoctorApplyViewController.m; sourceTree = "<group>"; };
		3D3C69681D83E98500980F63 /* ConstntDefine.h */ = {isa = PBXFileReference; lastKnownFileType = sourcecode.c.h; path = ConstntDefine.h; sourceTree = "<group>"; };
		3D3C696A1D83E9F500980F63 /* TableConstant.h */ = {isa = PBXFileReference; lastKnownFileType = sourcecode.c.h; path = TableConstant.h; sourceTree = "<group>"; };
		3D3C696B1D83EA5A00980F63 /* NotificationDefine.h */ = {isa = PBXFileReference; fileEncoding = 4; lastKnownFileType = sourcecode.c.h; path = NotificationDefine.h; sourceTree = "<group>"; };
		3D3C696C1D83EA5A00980F63 /* NotificationDefine.m */ = {isa = PBXFileReference; fileEncoding = 4; lastKnownFileType = sourcecode.c.objc; path = NotificationDefine.m; sourceTree = "<group>"; };
		3DBDAB2E1D854BBF0027493E /* province.plist */ = {isa = PBXFileReference; fileEncoding = 4; lastKnownFileType = text.plist.xml; path = province.plist; sourceTree = "<group>"; };
		5052B56A6CECE52CE6ECF137 /* Pods.debug.xcconfig */ = {isa = PBXFileReference; includeInIndex = 1; lastKnownFileType = text.xcconfig; name = Pods.debug.xcconfig; path = "Pods/Target Support Files/Pods/Pods.debug.xcconfig"; sourceTree = "<group>"; };
		6648BC08030ED54BD94E5370 /* libPods.a */ = {isa = PBXFileReference; explicitFileType = archive.ar; includeInIndex = 0; path = libPods.a; sourceTree = BUILT_PRODUCTS_DIR; };
/* End PBXFileReference section */

/* Begin PBXFrameworksBuildPhase section */
		3D3C69021D83A61200980F63 /* Frameworks */ = {
			isa = PBXFrameworksBuildPhase;
			buildActionMask = 2147483647;
			files = (
				12BA0D2A3C6AF10CE953D3FD /* libPods.a in Frameworks */,
			);
			runOnlyForDeploymentPostprocessing = 0;
		};
/* End PBXFrameworksBuildPhase section */

/* Begin PBXGroup section */
		27FFD91814AD7CD17959BAB4 /* Pods */ = {
			isa = PBXGroup;
			children = (
				5052B56A6CECE52CE6ECF137 /* Pods.debug.xcconfig */,
				10F1FDAC493CFDBE766A2526 /* Pods.release.xcconfig */,
			);
			name = Pods;
			sourceTree = "<group>";
		};
		3D3C68FC1D83A61200980F63 = {
			isa = PBXGroup;
			children = (
				3D3C69071D83A61200980F63 /* QuickCure */,
				3D3C69061D83A61200980F63 /* Products */,
				27FFD91814AD7CD17959BAB4 /* Pods */,
				93DD43F518B464F48309A9CC /* Frameworks */,
			);
			sourceTree = "<group>";
		};
		3D3C69061D83A61200980F63 /* Products */ = {
			isa = PBXGroup;
			children = (
				3D3C69051D83A61200980F63 /* QuickCure.app */,
			);
			name = Products;
			sourceTree = "<group>";
		};
		3D3C69071D83A61200980F63 /* QuickCure */ = {
			isa = PBXGroup;
			children = (
				3D3C690B1D83A61200980F63 /* AppDelegate.h */,
				3D3C690C1D83A61200980F63 /* AppDelegate.m */,
				3D3C69311D83BA2800980F63 /* QuickCure_Header.pch */,
				3D3C691F1D83AA3C00980F63 /* Classes */,
				3D3C69081D83A61200980F63 /* Supporting Files */,
			);
			path = QuickCure;
			sourceTree = "<group>";
		};
		3D3C69081D83A61200980F63 /* Supporting Files */ = {
			isa = PBXGroup;
			children = (
				3D3C69191D83A61200980F63 /* Info.plist */,
				3D3C69161D83A61200980F63 /* LaunchScreen.storyboard */,
				3D3C69141D83A61200980F63 /* Assets.xcassets */,
				3D3C69091D83A61200980F63 /* main.m */,
			);
			name = "Supporting Files";
			sourceTree = "<group>";
		};
		3D3C691F1D83AA3C00980F63 /* Classes */ = {
			isa = PBXGroup;
			children = (
				3D3C69221D83AA3C00980F63 /* Models */,
				3D3C69211D83AA3C00980F63 /* Controllers */,
				3D3C69281D83AA3C00980F63 /* VIews */,
				3D3C692A1D83B65B00980F63 /* NetTest */,
				3D3C69201D83AA3C00980F63 /* Common */,
				3D3C69231D83AA3C00980F63 /* Resources */,
				3D3C69241D83AA3C00980F63 /* Unities */,
				3D3C69251D83AA3C00980F63 /* Vendor */,
			);
			path = Classes;
			sourceTree = "<group>";
		};
		3D3C69201D83AA3C00980F63 /* Common */ = {
			isa = PBXGroup;
			children = (
				3D3C69681D83E98500980F63 /* ConstntDefine.h */,
				3D3C696A1D83E9F500980F63 /* TableConstant.h */,
				3D3C696B1D83EA5A00980F63 /* NotificationDefine.h */,
				3D3C696C1D83EA5A00980F63 /* NotificationDefine.m */,
			);
			path = Common;
			sourceTree = "<group>";
		};
		3D3C69211D83AA3C00980F63 /* Controllers */ = {
			isa = PBXGroup;
			children = (
				3D3C69431D83E5FC00980F63 /* 分享给好友 */,
				3D3C69421D83E5EF00980F63 /* 关于产品 */,
				3D3C69411D83E5E300980F63 /* 设置与帮助 */,
				3D3C69401D83E5D000980F63 /* 关注医生 */,
				3D3C693F1D83E5BF00980F63 /* 病例管理 */,
				3D3C693E1D83E5A400980F63 /* 名医通申请 */,
				3D3C693D1D83E59100980F63 /* Login */,
				3D3C693C1D83E58300980F63 /* Left */,
				3D3C693B1D83E56700980F63 /* Home */,
				3D3C69391D83E54000980F63 /* Base */,
			);
			path = Controllers;
			sourceTree = "<group>";
		};
		3D3C69221D83AA3C00980F63 /* Models */ = {
			isa = PBXGroup;
			children = (
			);
			path = Models;
			sourceTree = "<group>";
		};
		3D3C69231D83AA3C00980F63 /* Resources */ = {
			isa = PBXGroup;
			children = (
				3DBDAB2E1D854BBF0027493E /* province.plist */,
			);
			path = Resources;
			sourceTree = "<group>";
		};
		3D3C69241D83AA3C00980F63 /* Unities */ = {
			isa = PBXGroup;
			children = (
				3D3C692D1D83B93A00980F63 /* Unities */,
				3D3C692C1D83B91D00980F63 /* Categories */,
				3D3C692B1D83B8D900980F63 /* NetWorkTool(网络工具) */,
			);
			path = Unities;
			sourceTree = "<group>";
		};
		3D3C69251D83AA3C00980F63 /* Vendor */ = {
			isa = PBXGroup;
			children = (
			);
			path = Vendor;
			sourceTree = "<group>";
		};
		3D3C69281D83AA3C00980F63 /* VIews */ = {
			isa = PBXGroup;
			children = (
			);
			path = VIews;
			sourceTree = "<group>";
		};
		3D3C692A1D83B65B00980F63 /* NetTest */ = {
			isa = PBXGroup;
			children = (
				3D3C69261D83AA3C00980F63 /* ViewController.h */,
				3D3C69271D83AA3C00980F63 /* ViewController.m */,
			);
			name = NetTest;
			sourceTree = "<group>";
		};
		3D3C692B1D83B8D900980F63 /* NetWorkTool(网络工具) */ = {
			isa = PBXGroup;
			children = (
				3D3C692E1D83B9B500980F63 /* NetWorkTool.h */,
				3D3C692F1D83B9B500980F63 /* NetWorkTool.m */,
				3D3C69321D83E36C00980F63 /* NetWorkManager.h */,
				3D3C69331D83E36C00980F63 /* NetWorkManager.m */,
				3D3C69351D83E3EB00980F63 /* NetWorkDefine.h */,
			);
			name = "NetWorkTool(网络工具)";
			sourceTree = "<group>";
		};
		3D3C692C1D83B91D00980F63 /* Categories */ = {
			isa = PBXGroup;
			children = (
				3D3C69361D83E42500980F63 /* NSArray+Log.h */,
				3D3C69371D83E42500980F63 /* NSArray+Log.m */,
			);
			name = Categories;
			sourceTree = "<group>";
		};
		3D3C692D1D83B93A00980F63 /* Unities */ = {
			isa = PBXGroup;
			children = (
			);
			name = Unities;
			sourceTree = "<group>";
		};
		3D3C69391D83E54000980F63 /* Base */ = {
			isa = PBXGroup;
			children = (
				3D3C69471D83E68C00980F63 /* BaseViewController.h */,
				3D3C69481D83E68C00980F63 /* BaseViewController.m */,
				3D3C694A1D83E6C600980F63 /* BaseNaviController.h */,
				3D3C694B1D83E6C600980F63 /* BaseNaviController.m */,
			);
			name = Base;
			sourceTree = "<group>";
		};
		3D3C693B1D83E56700980F63 /* Home */ = {
			isa = PBXGroup;
			children = (
				3D3C69441D83E66C00980F63 /* HomeViewController.h */,
				3D3C69451D83E66C00980F63 /* HomeViewController.m */,
			);
			name = Home;
			sourceTree = "<group>";
		};
		3D3C693C1D83E58300980F63 /* Left */ = {
			isa = PBXGroup;
			children = (
				3D3C694D1D83E6F800980F63 /* LeftViewController.h */,
				3D3C694E1D83E6F800980F63 /* LeftViewController.m */,
			);
			name = Left;
			sourceTree = "<group>";
		};
		3D3C693D1D83E59100980F63 /* Login */ = {
			isa = PBXGroup;
			children = (
				3D3C69501D83E75100980F63 /* LoginViewController.h */,
				3D3C69511D83E75100980F63 /* LoginViewController.m */,
				3D3C69531D83E77100980F63 /* RegisterViewController.h */,
				3D3C69541D83E77100980F63 /* RegisterViewController.m */,
			);
			name = Login;
			sourceTree = "<group>";
		};
		3D3C693E1D83E5A400980F63 /* 名医通申请 */ = {
			isa = PBXGroup;
			children = (
				3D3C69651D83E88400980F63 /* DoctorApplyViewController.h */,
				3D3C69661D83E88400980F63 /* DoctorApplyViewController.m */,
			);
			name = "名医通申请";
			sourceTree = "<group>";
		};
		3D3C693F1D83E5BF00980F63 /* 病例管理 */ = {
			isa = PBXGroup;
			children = (
				3D3C69621D83E86200980F63 /* CaseManagerViewController.h */,
				3D3C69631D83E86200980F63 /* CaseManagerViewController.m */,
			);
			name = "病例管理";
			sourceTree = "<group>";
		};
		3D3C69401D83E5D000980F63 /* 关注医生 */ = {
			isa = PBXGroup;
			children = (
				3D3C695F1D83E84600980F63 /* FocusDoctorViewController.h */,
				3D3C69601D83E84600980F63 /* FocusDoctorViewController.m */,
			);
			name = "关注医生";
			sourceTree = "<group>";
		};
		3D3C69411D83E5E300980F63 /* 设置与帮助 */ = {
			isa = PBXGroup;
			children = (
				3D3C695C1D83E81A00980F63 /* SettingViewController.h */,
				3D3C695D1D83E81A00980F63 /* SettingViewController.m */,
			);
			name = "设置与帮助";
			sourceTree = "<group>";
		};
		3D3C69421D83E5EF00980F63 /* 关于产品 */ = {
			isa = PBXGroup;
			children = (
				3D3C69591D83E7FC00980F63 /* AboutProductViewController.h */,
				3D3C695A1D83E7FC00980F63 /* AboutProductViewController.m */,
			);
			name = "关于产品";
			sourceTree = "<group>";
		};
		3D3C69431D83E5FC00980F63 /* 分享给好友 */ = {
			isa = PBXGroup;
			children = (
				3D3C69561D83E7C700980F63 /* SharedViewController.h */,
				3D3C69571D83E7C700980F63 /* SharedViewController.m */,
			);
			name = "分享给好友";
			sourceTree = "<group>";
		};
		93DD43F518B464F48309A9CC /* Frameworks */ = {
			isa = PBXGroup;
			children = (
				6648BC08030ED54BD94E5370 /* libPods.a */,
			);
			name = Frameworks;
			sourceTree = "<group>";
		};
/* End PBXGroup section */

/* Begin PBXNativeTarget section */
		3D3C69041D83A61200980F63 /* QuickCure */ = {
			isa = PBXNativeTarget;
			buildConfigurationList = 3D3C691C1D83A61200980F63 /* Build configuration list for PBXNativeTarget "QuickCure" */;
			buildPhases = (
				B9BEA2FA4A90A2E9B2B5728E /* Check Pods Manifest.lock */,
				3D3C69011D83A61200980F63 /* Sources */,
				3D3C69021D83A61200980F63 /* Frameworks */,
				3D3C69031D83A61200980F63 /* Resources */,
				04E074A82286889B59BC5BFD /* Embed Pods Frameworks */,
				14332343981B9F5E2FC0F6F5 /* Copy Pods Resources */,
			);
			buildRules = (
			);
			dependencies = (
			);
			name = QuickCure;
			productName = QuickCure;
			productReference = 3D3C69051D83A61200980F63 /* QuickCure.app */;
			productType = "com.apple.product-type.application";
		};
/* End PBXNativeTarget section */

/* Begin PBXProject section */
		3D3C68FD1D83A61200980F63 /* Project object */ = {
			isa = PBXProject;
			attributes = {
				LastUpgradeCheck = 0720;
				ORGANIZATIONNAME = haoge;
				TargetAttributes = {
					3D3C69041D83A61200980F63 = {
						CreatedOnToolsVersion = 7.2.1;
						DevelopmentTeam = 3FH8Z4C4QH;
					};
				};
			};
			buildConfigurationList = 3D3C69001D83A61200980F63 /* Build configuration list for PBXProject "QuickCure" */;
			compatibilityVersion = "Xcode 3.2";
			developmentRegion = English;
			hasScannedForEncodings = 0;
			knownRegions = (
				en,
				Base,
			);
			mainGroup = 3D3C68FC1D83A61200980F63;
			productRefGroup = 3D3C69061D83A61200980F63 /* Products */;
			projectDirPath = "";
			projectRoot = "";
			targets = (
				3D3C69041D83A61200980F63 /* QuickCure */,
			);
		};
/* End PBXProject section */

/* Begin PBXResourcesBuildPhase section */
		3D3C69031D83A61200980F63 /* Resources */ = {
			isa = PBXResourcesBuildPhase;
			buildActionMask = 2147483647;
			files = (
				3D3C69181D83A61200980F63 /* LaunchScreen.storyboard in Resources */,
				3DBDAB2F1D854BBF0027493E /* province.plist in Resources */,
				3D3C69151D83A61200980F63 /* Assets.xcassets in Resources */,
			);
			runOnlyForDeploymentPostprocessing = 0;
		};
/* End PBXResourcesBuildPhase section */

/* Begin PBXShellScriptBuildPhase section */
		04E074A82286889B59BC5BFD /* Embed Pods Frameworks */ = {
			isa = PBXShellScriptBuildPhase;
			buildActionMask = 2147483647;
			files = (
			);
			inputPaths = (
			);
			name = "Embed Pods Frameworks";
			outputPaths = (
			);
			runOnlyForDeploymentPostprocessing = 0;
			shellPath = /bin/sh;
			shellScript = "\"${SRCROOT}/Pods/Target Support Files/Pods/Pods-frameworks.sh\"\n";
			showEnvVarsInLog = 0;
		};
		14332343981B9F5E2FC0F6F5 /* Copy Pods Resources */ = {
			isa = PBXShellScriptBuildPhase;
			buildActionMask = 2147483647;
			files = (
			);
			inputPaths = (
			);
			name = "Copy Pods Resources";
			outputPaths = (
			);
			runOnlyForDeploymentPostprocessing = 0;
			shellPath = /bin/sh;
			shellScript = "\"${SRCROOT}/Pods/Target Support Files/Pods/Pods-resources.sh\"\n";
			showEnvVarsInLog = 0;
		};
		B9BEA2FA4A90A2E9B2B5728E /* Check Pods Manifest.lock */ = {
			isa = PBXShellScriptBuildPhase;
			buildActionMask = 2147483647;
			files = (
			);
			inputPaths = (
			);
			name = "Check Pods Manifest.lock";
			outputPaths = (
			);
			runOnlyForDeploymentPostprocessing = 0;
			shellPath = /bin/sh;
			shellScript = "diff \"${PODS_ROOT}/../Podfile.lock\" \"${PODS_ROOT}/Manifest.lock\" > /dev/null\nif [[ $? != 0 ]] ; then\n    cat << EOM\nerror: The sandbox is not in sync with the Podfile.lock. Run 'pod install' or update your CocoaPods installation.\nEOM\n    exit 1\nfi\n";
			showEnvVarsInLog = 0;
		};
/* End PBXShellScriptBuildPhase section */

/* Begin PBXSourcesBuildPhase section */
		3D3C69011D83A61200980F63 /* Sources */ = {
			isa = PBXSourcesBuildPhase;
			buildActionMask = 2147483647;
			files = (
				3D3C69611D83E84600980F63 /* FocusDoctorViewController.m in Sources */,
				3D3C69301D83B9B500980F63 /* NetWorkTool.m in Sources */,
				3D3C69671D83E88400980F63 /* DoctorApplyViewController.m in Sources */,
				3D3C694F1D83E6F800980F63 /* LeftViewController.m in Sources */,
				3D3C695B1D83E7FC00980F63 /* AboutProductViewController.m in Sources */,
				3D3C69491D83E68C00980F63 /* BaseViewController.m in Sources */,
				3D3C69291D83AA3C00980F63 /* ViewController.m in Sources */,
				3D3C690D1D83A61200980F63 /* AppDelegate.m in Sources */,
				3D3C694C1D83E6C600980F63 /* BaseNaviController.m in Sources */,
				3D3C69381D83E42500980F63 /* NSArray+Log.m in Sources */,
				3D3C69551D83E77100980F63 /* RegisterViewController.m in Sources */,
				3D3C690A1D83A61200980F63 /* main.m in Sources */,
				3D3C69461D83E66C00980F63 /* HomeViewController.m in Sources */,
				3D3C69581D83E7C700980F63 /* SharedViewController.m in Sources */,
				3D3C69641D83E86200980F63 /* CaseManagerViewController.m in Sources */,
				3D3C69521D83E75100980F63 /* LoginViewController.m in Sources */,
				3D3C696D1D83EA5A00980F63 /* NotificationDefine.m in Sources */,
				3D3C69341D83E36C00980F63 /* NetWorkManager.m in Sources */,
				3D3C695E1D83E81A00980F63 /* SettingViewController.m in Sources */,
			);
			runOnlyForDeploymentPostprocessing = 0;
		};
/* End PBXSourcesBuildPhase section */

/* Begin PBXVariantGroup section */
		3D3C69161D83A61200980F63 /* LaunchScreen.storyboard */ = {
			isa = PBXVariantGroup;
			children = (
				3D3C69171D83A61200980F63 /* Base */,
			);
			name = LaunchScreen.storyboard;
			sourceTree = "<group>";
		};
/* End PBXVariantGroup section */

/* Begin XCBuildConfiguration section */
		3D3C691A1D83A61200980F63 /* Debug */ = {
			isa = XCBuildConfiguration;
			buildSettings = {
				ALWAYS_SEARCH_USER_PATHS = NO;
				CLANG_CXX_LANGUAGE_STANDARD = "gnu++0x";
				CLANG_CXX_LIBRARY = "libc++";
				CLANG_ENABLE_MODULES = YES;
				CLANG_ENABLE_OBJC_ARC = YES;
				CLANG_WARN_BOOL_CONVERSION = YES;
				CLANG_WARN_CONSTANT_CONVERSION = YES;
				CLANG_WARN_DIRECT_OBJC_ISA_USAGE = YES_ERROR;
				CLANG_WARN_EMPTY_BODY = YES;
				CLANG_WARN_ENUM_CONVERSION = YES;
				CLANG_WARN_INT_CONVERSION = YES;
				CLANG_WARN_OBJC_ROOT_CLASS = YES_ERROR;
				CLANG_WARN_UNREACHABLE_CODE = YES;
				CLANG_WARN__DUPLICATE_METHOD_MATCH = YES;
				"CODE_SIGN_IDENTITY[sdk=iphoneos*]" = "iPhone Developer";
				COPY_PHASE_STRIP = NO;
				DEBUG_INFORMATION_FORMAT = dwarf;
				ENABLE_STRICT_OBJC_MSGSEND = YES;
				ENABLE_TESTABILITY = YES;
				GCC_C_LANGUAGE_STANDARD = gnu99;
				GCC_DYNAMIC_NO_PIC = NO;
				GCC_NO_COMMON_BLOCKS = YES;
				GCC_OPTIMIZATION_LEVEL = 0;
				GCC_PREPROCESSOR_DEFINITIONS = (
					"DEBUG=1",
					"$(inherited)",
				);
				GCC_WARN_64_TO_32_BIT_CONVERSION = YES;
				GCC_WARN_ABOUT_RETURN_TYPE = YES_ERROR;
				GCC_WARN_UNDECLARED_SELECTOR = YES;
				GCC_WARN_UNINITIALIZED_AUTOS = YES_AGGRESSIVE;
				GCC_WARN_UNUSED_FUNCTION = YES;
				GCC_WARN_UNUSED_VARIABLE = YES;
				IPHONEOS_DEPLOYMENT_TARGET = 9.2;
				MTL_ENABLE_DEBUG_INFO = YES;
				ONLY_ACTIVE_ARCH = YES;
				SDKROOT = iphoneos;
			};
			name = Debug;
		};
		3D3C691B1D83A61200980F63 /* Release */ = {
			isa = XCBuildConfiguration;
			buildSettings = {
				ALWAYS_SEARCH_USER_PATHS = NO;
				CLANG_CXX_LANGUAGE_STANDARD = "gnu++0x";
				CLANG_CXX_LIBRARY = "libc++";
				CLANG_ENABLE_MODULES = YES;
				CLANG_ENABLE_OBJC_ARC = YES;
				CLANG_WARN_BOOL_CONVERSION = YES;
				CLANG_WARN_CONSTANT_CONVERSION = YES;
				CLANG_WARN_DIRECT_OBJC_ISA_USAGE = YES_ERROR;
				CLANG_WARN_EMPTY_BODY = YES;
				CLANG_WARN_ENUM_CONVERSION = YES;
				CLANG_WARN_INT_CONVERSION = YES;
				CLANG_WARN_OBJC_ROOT_CLASS = YES_ERROR;
				CLANG_WARN_UNREACHABLE_CODE = YES;
				CLANG_WARN__DUPLICATE_METHOD_MATCH = YES;
				"CODE_SIGN_IDENTITY[sdk=iphoneos*]" = "iPhone Developer";
				COPY_PHASE_STRIP = NO;
				DEBUG_INFORMATION_FORMAT = "dwarf-with-dsym";
				ENABLE_NS_ASSERTIONS = NO;
				ENABLE_STRICT_OBJC_MSGSEND = YES;
				GCC_C_LANGUAGE_STANDARD = gnu99;
				GCC_NO_COMMON_BLOCKS = YES;
				GCC_WARN_64_TO_32_BIT_CONVERSION = YES;
				GCC_WARN_ABOUT_RETURN_TYPE = YES_ERROR;
				GCC_WARN_UNDECLARED_SELECTOR = YES;
				GCC_WARN_UNINITIALIZED_AUTOS = YES_AGGRESSIVE;
				GCC_WARN_UNUSED_FUNCTION = YES;
				GCC_WARN_UNUSED_VARIABLE = YES;
				IPHONEOS_DEPLOYMENT_TARGET = 9.2;
				MTL_ENABLE_DEBUG_INFO = NO;
				SDKROOT = iphoneos;
				VALIDATE_PRODUCT = YES;
			};
			name = Release;
		};
		3D3C691D1D83A61200980F63 /* Debug */ = {
			isa = XCBuildConfiguration;
			baseConfigurationReference = 5052B56A6CECE52CE6ECF137 /* Pods.debug.xcconfig */;
			buildSettings = {
				ASSETCATALOG_COMPILER_APPICON_NAME = AppIcon;
				ASSETCATALOG_COMPILER_LAUNCHIMAGE_NAME = "Brand Assets";
				GCC_PRECOMPILE_PREFIX_HEADER = YES;
				GCC_PREFIX_HEADER = QuickCure/QuickCure_Header.pch;
				INFOPLIST_FILE = QuickCure/Info.plist;
				LD_RUNPATH_SEARCH_PATHS = "$(inherited) @executable_path/Frameworks";
				PRODUCT_BUNDLE_IDENTIFIER = "com.apple.--";
				PRODUCT_NAME = "$(TARGET_NAME)";
			};
			name = Debug;
		};
		3D3C691E1D83A61200980F63 /* Release */ = {
			isa = XCBuildConfiguration;
			baseConfigurationReference = 10F1FDAC493CFDBE766A2526 /* Pods.release.xcconfig */;
			buildSettings = {
				ASSETCATALOG_COMPILER_APPICON_NAME = AppIcon;
				ASSETCATALOG_COMPILER_LAUNCHIMAGE_NAME = "Brand Assets";
				GCC_PRECOMPILE_PREFIX_HEADER = YES;
				GCC_PREFIX_HEADER = QuickCure/QuickCure_Header.pch;
				INFOPLIST_FILE = QuickCure/Info.plist;
				LD_RUNPATH_SEARCH_PATHS = "$(inherited) @executable_path/Frameworks";
				PRODUCT_BUNDLE_IDENTIFIER = "com.apple.--";
				PRODUCT_NAME = "$(TARGET_NAME)";
			};
			name = Release;
		};
/* End XCBuildConfiguration section */

/* Begin XCConfigurationList section */
		3D3C69001D83A61200980F63 /* Build configuration list for PBXProject "QuickCure" */ = {
			isa = XCConfigurationList;
			buildConfigurations = (
				3D3C691A1D83A61200980F63 /* Debug */,
				3D3C691B1D83A61200980F63 /* Release */,
			);
			defaultConfigurationIsVisible = 0;
			defaultConfigurationName = Release;
		};
		3D3C691C1D83A61200980F63 /* Build configuration list for PBXNativeTarget "QuickCure" */ = {
			isa = XCConfigurationList;
			buildConfigurations = (
				3D3C691D1D83A61200980F63 /* Debug */,
				3D3C691E1D83A61200980F63 /* Release */,
			);
			defaultConfigurationIsVisible = 0;
			defaultConfigurationName = Release;
		};
/* End XCConfigurationList section */
	};
	rootObject = 3D3C68FD1D83A61200980F63 /* Project object */;
}
